
Microsoft Visual Studio Solution File, Format Version 12.00
# Visual Studio Version 17
VisualStudioVersion = 17.4.33205.214
MinimumVisualStudioVersion = 10.0.40219.1
Project("{FAE04EC0-301F-11D3-BF4B-00C04F79EFBC}") = "Server", "Server\Server.csproj", "{4579DA99-942E-4A04-B332-DB7DFFE0ABC9}"
EndProject
Project("{FAE04EC0-301F-11D3-BF4B-00C04F79EFBC}") = "Client", "Client\Client.csproj", "{8352C6CB-4E88-4869-B753-0A6650800617}"
EndProject
Global
	GlobalSection(SolutionConfigurationPlatforms) = preSolution
		Debug|Any CPU = Debug|Any CPU
		Release|Any CPU = Release|Any CPU
	EndGlobalSection
	GlobalSection(ProjectConfigurationPlatforms) = postSolution
		{4579DA99-942E-4A04-B332-DB7DFFE0ABC9}.Debug|Any CPU.ActiveCfg = Debug|Any CPU
		{4579DA99-942E-4A04-B332-DB7DFFE0ABC9}.Debug|Any CPU.Build.0 = Debug|Any CPU
		{4579DA99-942E-4A04-B332-DB7DFFE0ABC9}.Release|Any CPU.ActiveCfg = Release|Any CPU
		{4579DA99-942E-4A04-B332-DB7DFFE0ABC9}.Release|Any CPU.Build.0 = Release|Any CPU
		{8352C6CB-4E88-4869-B753-0A6650800617}.Debug|Any CPU.ActiveCfg = Debug|Any CPU
		{8352C6CB-4E88-4869-B753-0A6650800617}.Debug|Any CPU.Build.0 = Debug|Any CPU
		{8352C6CB-4E88-4869-B753-0A6650800617}.Release|Any CPU.ActiveCfg = Release|Any CPU
		{8352C6CB-4E88-4869-B753-0A6650800617}.Release|Any CPU.Build.0 = Release|Any CPU
	EndGlobalSection
	GlobalSection(SolutionProperties) = preSolution
		HideSolutionNode = FALSE
	EndGlobalSection
	GlobalSection(ExtensibilityGlobals) = postSolution
		SolutionGuid = {DD0BB6A6-0FA0-4DAB-B624-A6B4E896251F}
	EndGlobalSection
EndGlobal
